// !$*UTF8*$!
{
	archiveVersion = 1;
	classes = {
	};
	objectVersion = 46;
	objects = {

/* Begin PBXBuildFile section */
		D9DBE3461CBD0CA100ED7A41 /* AppDelegate.swift in Sources */ = {isa = PBXBuildFile; fileRef = D9DBE3451CBD0CA100ED7A41 /* AppDelegate.swift */; };
		D9DBE3481CBD0CA100ED7A41 /* ViewController.swift in Sources */ = {isa = PBXBuildFile; fileRef = D9DBE3471CBD0CA100ED7A41 /* ViewController.swift */; };
		D9DBE34B1CBD0CA100ED7A41 /* Main.storyboard in Resources */ = {isa = PBXBuildFile; fileRef = D9DBE3491CBD0CA100ED7A41 /* Main.storyboard */; };
		D9DBE34D1CBD0CA100ED7A41 /* Assets.xcassets in Resources */ = {isa = PBXBuildFile; fileRef = D9DBE34C1CBD0CA100ED7A41 /* Assets.xcassets */; };
		D9DBE3501CBD0CA100ED7A41 /* LaunchScreen.storyboard in Resources */ = {isa = PBXBuildFile; fileRef = D9DBE34E1CBD0CA100ED7A41 /* LaunchScreen.storyboard */; };
		D9DBE35B1CBD0CA100ED7A41 /* SwiftCampTests.swift in Sources */ = {isa = PBXBuildFile; fileRef = D9DBE35A1CBD0CA100ED7A41 /* SwiftCampTests.swift */; };
		D9DBE3661CBD0CA100ED7A41 /* SwiftCampUITests.swift in Sources */ = {isa = PBXBuildFile; fileRef = D9DBE3651CBD0CA100ED7A41 /* SwiftCampUITests.swift */; };
/* End PBXBuildFile section */

/* Begin PBXContainerItemProxy section */
		D9DBE3571CBD0CA100ED7A41 /* PBXContainerItemProxy */ = {
			isa = PBXContainerItemProxy;
			containerPortal = D9DBE33A1CBD0CA100ED7A41 /* Project object */;
			proxyType = 1;
			remoteGlobalIDString = D9DBE3411CBD0CA100ED7A41;
			remoteInfo = SwiftCamp;
		};
		D9DBE3621CBD0CA100ED7A41 /* PBXContainerItemProxy */ = {
			isa = PBXContainerItemProxy;
			containerPortal = D9DBE33A1CBD0CA100ED7A41 /* Project object */;
			proxyType = 1;
			remoteGlobalIDString = D9DBE3411CBD0CA100ED7A41;
			remoteInfo = SwiftCamp;
		};
/* End PBXContainerItemProxy section */

/* Begin PBXFileReference section */
		D9DBE3421CBD0CA100ED7A41 /* SwiftCamp.app */ = {isa = PBXFileReference; explicitFileType = wrapper.application; includeInIndex = 0; path = SwiftCamp.app; sourceTree = BUILT_PRODUCTS_DIR; };
		D9DBE3451CBD0CA100ED7A41 /* AppDelegate.swift */ = {isa = PBXFileReference; lastKnownFileType = sourcecode.swift; path = AppDelegate.swift; sourceTree = "<group>"; };
		D9DBE3471CBD0CA100ED7A41 /* ViewController.swift */ = {isa = PBXFileReference; lastKnownFileType = sourcecode.swift; path = ViewController.swift; sourceTree = "<group>"; };
		D9DBE34A1CBD0CA100ED7A41 /* Base */ = {isa = PBXFileReference; lastKnownFileType = file.storyboard; name = Base; path = Base.lproj/Main.storyboard; sourceTree = "<group>"; };
		D9DBE34C1CBD0CA100ED7A41 /* Assets.xcassets */ = {isa = PBXFileReference; lastKnownFileType = folder.assetcatalog; path = Assets.xcassets; sourceTree = "<group>"; };
		D9DBE34F1CBD0CA100ED7A41 /* Base */ = {isa = PBXFileReference; lastKnownFileType = file.storyboard; name = Base; path = Base.lproj/LaunchScreen.storyboard; sourceTree = "<group>"; };
		D9DBE3511CBD0CA100ED7A41 /* Info.plist */ = {isa = PBXFileReference; lastKnownFileType = text.plist.xml; path = Info.plist; sourceTree = "<group>"; };
		D9DBE3561CBD0CA100ED7A41 /* SwiftCampTests.xctest */ = {isa = PBXFileReference; explicitFileType = wrapper.cfbundle; includeInIndex = 0; path = SwiftCampTests.xctest; sourceTree = BUILT_PRODUCTS_DIR; };
		D9DBE35A1CBD0CA100ED7A41 /* SwiftCampTests.swift */ = {isa = PBXFileReference; lastKnownFileType = sourcecode.swift; path = SwiftCampTests.swift; sourceTree = "<group>"; };
		D9DBE35C1CBD0CA100ED7A41 /* Info.plist */ = {isa = PBXFileReference; lastKnownFileType = text.plist.xml; path = Info.plist; sourceTree = "<group>"; };
		D9DBE3611CBD0CA100ED7A41 /* SwiftCampUITests.xctest */ = {isa = PBXFileReference; explicitFileType = wrapper.cfbundle; includeInIndex = 0; path = SwiftCampUITests.xctest; sourceTree = BUILT_PRODUCTS_DIR; };
		D9DBE3651CBD0CA100ED7A41 /* SwiftCampUITests.swift */ = {isa = PBXFileReference; lastKnownFileType = sourcecode.swift; path = SwiftCampUITests.swift; sourceTree = "<group>"; };
		D9DBE3671CBD0CA100ED7A41 /* Info.plist */ = {isa = PBXFileReference; lastKnownFileType = text.plist.xml; path = Info.plist; sourceTree = "<group>"; };
/* End PBXFileReference section */

/* Begin PBXFrameworksBuildPhase section */
		D9DBE33F1CBD0CA100ED7A41 /* Frameworks */ = {
			isa = PBXFrameworksBuildPhase;
			buildActionMask = 2147483647;
			files = (
			);
			runOnlyForDeploymentPostprocessing = 0;
		};
		D9DBE3531CBD0CA100ED7A41 /* Frameworks */ = {
			isa = PBXFrameworksBuildPhase;
			buildActionMask = 2147483647;
			files = (
			);
			runOnlyForDeploymentPostprocessing = 0;
		};
		D9DBE35E1CBD0CA100ED7A41 /* Frameworks */ = {
			isa = PBXFrameworksBuildPhase;
			buildActionMask = 2147483647;
			files = (
			);
			runOnlyForDeploymentPostprocessing = 0;
		};
/* End PBXFrameworksBuildPhase section */

/* Begin PBXGroup section */
		D9DBE3391CBD0CA100ED7A41 = {
			isa = PBXGroup;
			children = (
				D9DBE3431CBD0CA100ED7A41 /* Products */,
				D9DBE3441CBD0CA100ED7A41 /* SwiftCamp */,
				D9DBE3591CBD0CA100ED7A41 /* SwiftCampTests */,
				D9DBE3641CBD0CA100ED7A41 /* SwiftCampUITests */,
			);
			sourceTree = "<group>";
		};
		D9DBE3431CBD0CA100ED7A41 /* Products */ = {
			isa = PBXGroup;
			children = (
				D9DBE3421CBD0CA100ED7A41 /* SwiftCamp.app */,
				D9DBE3561CBD0CA100ED7A41 /* SwiftCampTests.xctest */,
				D9DBE3611CBD0CA100ED7A41 /* SwiftCampUITests.xctest */,
			);
			name = Products;
			sourceTree = "<group>";
		};
		D9DBE3441CBD0CA100ED7A41 /* SwiftCamp */ = {
			isa = PBXGroup;
			children = (
				D9E5E8CA1CE4E78D008DD6A4 /* App */,
				D9E5E8CD1CE4E830008DD6A4 /* Resources */,
				D9E5E8CE1CE4E87E008DD6A4 /* UI */,
				D9DBE34C1CBD0CA100ED7A41 /* Assets.xcassets */,
			);
			path = SwiftCamp;
			sourceTree = "<group>";
		};
		D9DBE3591CBD0CA100ED7A41 /* SwiftCampTests */ = {
			isa = PBXGroup;
			children = (
				D9DBE35C1CBD0CA100ED7A41 /* Info.plist */,
				D9DBE35A1CBD0CA100ED7A41 /* SwiftCampTests.swift */,
			);
			path = SwiftCampTests;
			sourceTree = "<group>";
		};
		D9DBE3641CBD0CA100ED7A41 /* SwiftCampUITests */ = {
			isa = PBXGroup;
			children = (
				D9DBE3671CBD0CA100ED7A41 /* Info.plist */,
				D9DBE3651CBD0CA100ED7A41 /* SwiftCampUITests.swift */,
			);
			path = SwiftCampUITests;
			sourceTree = "<group>";
		};
		D9E5E8CA1CE4E78D008DD6A4 /* App */ = {
			isa = PBXGroup;
			children = (
				D9DBE3451CBD0CA100ED7A41 /* AppDelegate.swift */,
			);
			path = App;
			sourceTree = "<group>";
		};
		D9E5E8CB1CE4E7E0008DD6A4 /* ViewControllers */ = {
			isa = PBXGroup;
			children = (
				D9E5E8CC1CE4E817008DD6A4 /* Main */,
			);
			path = ViewControllers;
			sourceTree = "<group>";
		};
		D9E5E8CC1CE4E817008DD6A4 /* Main */ = {
			isa = PBXGroup;
			children = (
				D9DBE3491CBD0CA100ED7A41 /* Main.storyboard */,
				D9DBE3471CBD0CA100ED7A41 /* ViewController.swift */,
			);
			path = Main;
			sourceTree = "<group>";
		};
		D9E5E8CD1CE4E830008DD6A4 /* Resources */ = {
			isa = PBXGroup;
			children = (
				D9DBE3511CBD0CA100ED7A41 /* Info.plist */,
				D9DBE34E1CBD0CA100ED7A41 /* LaunchScreen.storyboard */,
			);
			path = Resources;
			sourceTree = "<group>";
		};
		D9E5E8CE1CE4E87E008DD6A4 /* UI */ = {
			isa = PBXGroup;
			children = (
				D9E5E8CB1CE4E7E0008DD6A4 /* ViewControllers */,
			);
			path = UI;
			sourceTree = "<group>";
		};
/* End PBXGroup section */

/* Begin PBXNativeTarget section */
		D9DBE3411CBD0CA100ED7A41 /* SwiftCamp */ = {
			isa = PBXNativeTarget;
			buildConfigurationList = D9DBE36A1CBD0CA100ED7A41 /* Build configuration list for PBXNativeTarget "SwiftCamp" */;
			buildPhases = (
				D9DBE33E1CBD0CA100ED7A41 /* Sources */,
				D9DBE33F1CBD0CA100ED7A41 /* Frameworks */,
				D9DBE3401CBD0CA100ED7A41 /* Resources */,
				D91DCD7F1CE4EBAC00975054 /* ShellScript */,
			);
			buildRules = (
			);
			dependencies = (
			);
			name = SwiftCamp;
			productName = SwiftCamp;
			productReference = D9DBE3421CBD0CA100ED7A41 /* SwiftCamp.app */;
			productType = "com.apple.product-type.application";
		};
		D9DBE3551CBD0CA100ED7A41 /* SwiftCampTests */ = {
			isa = PBXNativeTarget;
			buildConfigurationList = D9DBE36D1CBD0CA100ED7A41 /* Build configuration list for PBXNativeTarget "SwiftCampTests" */;
			buildPhases = (
				D9DBE3521CBD0CA100ED7A41 /* Sources */,
				D9DBE3531CBD0CA100ED7A41 /* Frameworks */,
				D9DBE3541CBD0CA100ED7A41 /* Resources */,
			);
			buildRules = (
			);
			dependencies = (
				D9DBE3581CBD0CA100ED7A41 /* PBXTargetDependency */,
			);
			name = SwiftCampTests;
			productName = SwiftCampTests;
			productReference = D9DBE3561CBD0CA100ED7A41 /* SwiftCampTests.xctest */;
			productType = "com.apple.product-type.bundle.unit-test";
		};
		D9DBE3601CBD0CA100ED7A41 /* SwiftCampUITests */ = {
			isa = PBXNativeTarget;
			buildConfigurationList = D9DBE3701CBD0CA100ED7A41 /* Build configuration list for PBXNativeTarget "SwiftCampUITests" */;
			buildPhases = (
				D9DBE35D1CBD0CA100ED7A41 /* Sources */,
				D9DBE35E1CBD0CA100ED7A41 /* Frameworks */,
				D9DBE35F1CBD0CA100ED7A41 /* Resources */,
			);
			buildRules = (
			);
			dependencies = (
				D9DBE3631CBD0CA100ED7A41 /* PBXTargetDependency */,
			);
			name = SwiftCampUITests;
			productName = SwiftCampUITests;
			productReference = D9DBE3611CBD0CA100ED7A41 /* SwiftCampUITests.xctest */;
			productType = "com.apple.product-type.bundle.ui-testing";
		};
/* End PBXNativeTarget section */

/* Begin PBXProject section */
		D9DBE33A1CBD0CA100ED7A41 /* Project object */ = {
			isa = PBXProject;
			attributes = {
				LastSwiftUpdateCheck = 0730;
				LastUpgradeCheck = 0730;
				ORGANIZATIONNAME = SwiftCamp;
				TargetAttributes = {
					D9DBE3411CBD0CA100ED7A41 = {
						CreatedOnToolsVersion = 7.3;
					};
					D9DBE3551CBD0CA100ED7A41 = {
						CreatedOnToolsVersion = 7.3;
						TestTargetID = D9DBE3411CBD0CA100ED7A41;
					};
					D9DBE3601CBD0CA100ED7A41 = {
						CreatedOnToolsVersion = 7.3;
						TestTargetID = D9DBE3411CBD0CA100ED7A41;
					};
				};
			};
			buildConfigurationList = D9DBE33D1CBD0CA100ED7A41 /* Build configuration list for PBXProject "SwiftCamp" */;
			compatibilityVersion = "Xcode 3.2";
			developmentRegion = English;
			hasScannedForEncodings = 0;
			knownRegions = (
				en,
				Base,
			);
			mainGroup = D9DBE3391CBD0CA100ED7A41;
			productRefGroup = D9DBE3431CBD0CA100ED7A41 /* Products */;
			projectDirPath = "";
			projectRoot = "";
			targets = (
				D9DBE3411CBD0CA100ED7A41 /* SwiftCamp */,
				D9DBE3551CBD0CA100ED7A41 /* SwiftCampTests */,
				D9DBE3601CBD0CA100ED7A41 /* SwiftCampUITests */,
			);
		};
/* End PBXProject section */

/* Begin PBXResourcesBuildPhase section */
		D9DBE3401CBD0CA100ED7A41 /* Resources */ = {
			isa = PBXResourcesBuildPhase;
			buildActionMask = 2147483647;
			files = (
				D9DBE3501CBD0CA100ED7A41 /* LaunchScreen.storyboard in Resources */,
				D9DBE34D1CBD0CA100ED7A41 /* Assets.xcassets in Resources */,
				D9DBE34B1CBD0CA100ED7A41 /* Main.storyboard in Resources */,
			);
			runOnlyForDeploymentPostprocessing = 0;
		};
		D9DBE3541CBD0CA100ED7A41 /* Resources */ = {
			isa = PBXResourcesBuildPhase;
			buildActionMask = 2147483647;
			files = (
			);
			runOnlyForDeploymentPostprocessing = 0;
		};
		D9DBE35F1CBD0CA100ED7A41 /* Resources */ = {
			isa = PBXResourcesBuildPhase;
			buildActionMask = 2147483647;
			files = (
			);
			runOnlyForDeploymentPostprocessing = 0;
		};
/* End PBXResourcesBuildPhase section */

/* Begin PBXShellScriptBuildPhase section */
		D91DCD7F1CE4EBAC00975054 /* ShellScript */ = {
			isa = PBXShellScriptBuildPhase;
			buildActionMask = 2147483647;
			files = (
			);
			inputPaths = (
			);
			outputPaths = (
			);
			runOnlyForDeploymentPostprocessing = 0;
			shellPath = /bin/sh;
			shellScript = "if which swiftlint >/dev/null; then\nswiftlint\nelse\necho \"warning: SwiftLint not installed, download from https://github.com/realm/SwiftLint\"\nfi";
		};
/* End PBXShellScriptBuildPhase section */

/* Begin PBXSourcesBuildPhase section */
		D9DBE33E1CBD0CA100ED7A41 /* Sources */ = {
			isa = PBXSourcesBuildPhase;
			buildActionMask = 2147483647;
			files = (
				D9DBE3481CBD0CA100ED7A41 /* ViewController.swift in Sources */,
				D9DBE3461CBD0CA100ED7A41 /* AppDelegate.swift in Sources */,
			);
			runOnlyForDeploymentPostprocessing = 0;
		};
		D9DBE3521CBD0CA100ED7A41 /* Sources */ = {
			isa = PBXSourcesBuildPhase;
			buildActionMask = 2147483647;
			files = (
				D9DBE35B1CBD0CA100ED7A41 /* SwiftCampTests.swift in Sources */,
			);
			runOnlyForDeploymentPostprocessing = 0;
		};
		D9DBE35D1CBD0CA100ED7A41 /* Sources */ = {
			isa = PBXSourcesBuildPhase;
			buildActionMask = 2147483647;
			files = (
				D9DBE3661CBD0CA100ED7A41 /* SwiftCampUITests.swift in Sources */,
			);
			runOnlyForDeploymentPostprocessing = 0;
		};
/* End PBXSourcesBuildPhase section */

/* Begin PBXTargetDependency section */
		D9DBE3581CBD0CA100ED7A41 /* PBXTargetDependency */ = {
			isa = PBXTargetDependency;
			target = D9DBE3411CBD0CA100ED7A41 /* SwiftCamp */;
			targetProxy = D9DBE3571CBD0CA100ED7A41 /* PBXContainerItemProxy */;
		};
		D9DBE3631CBD0CA100ED7A41 /* PBXTargetDependency */ = {
			isa = PBXTargetDependency;
			target = D9DBE3411CBD0CA100ED7A41 /* SwiftCamp */;
			targetProxy = D9DBE3621CBD0CA100ED7A41 /* PBXContainerItemProxy */;
		};
/* End PBXTargetDependency section */

/* Begin PBXVariantGroup section */
		D9DBE3491CBD0CA100ED7A41 /* Main.storyboard */ = {
			isa = PBXVariantGroup;
			children = (
				D9DBE34A1CBD0CA100ED7A41 /* Base */,
			);
			name = Main.storyboard;
			path = .;
			sourceTree = "<group>";
		};
		D9DBE34E1CBD0CA100ED7A41 /* LaunchScreen.storyboard */ = {
			isa = PBXVariantGroup;
			children = (
				D9DBE34F1CBD0CA100ED7A41 /* Base */,
			);
			name = LaunchScreen.storyboard;
			path = .;
			sourceTree = "<group>";
		};
/* End PBXVariantGroup section */

/* Begin XCBuildConfiguration section */
		D9DBE3681CBD0CA100ED7A41 /* Debug */ = {
			isa = XCBuildConfiguration;
			buildSettings = {
				ALWAYS_SEARCH_USER_PATHS = NO;
				CLANG_ANALYZER_NONNULL = YES;
				CLANG_CXX_LANGUAGE_STANDARD = "gnu++0x";
				CLANG_CXX_LIBRARY = "libc++";
				CLANG_ENABLE_MODULES = YES;
				CLANG_ENABLE_OBJC_ARC = YES;
				CLANG_WARN_BOOL_CONVERSION = YES;
				CLANG_WARN_CONSTANT_CONVERSION = YES;
				CLANG_WARN_DIRECT_OBJC_ISA_USAGE = YES_ERROR;
				CLANG_WARN_EMPTY_BODY = YES;
				CLANG_WARN_ENUM_CONVERSION = YES;
				CLANG_WARN_INT_CONVERSION = YES;
				CLANG_WARN_OBJC_ROOT_CLASS = YES_ERROR;
				CLANG_WARN_UNREACHABLE_CODE = YES;
				CLANG_WARN__DUPLICATE_METHOD_MATCH = YES;
				"CODE_SIGN_IDENTITY[sdk=iphoneos*]" = "iPhone Developer";
				COPY_PHASE_STRIP = NO;
				DEBUG_INFORMATION_FORMAT = dwarf;
				ENABLE_STRICT_OBJC_MSGSEND = YES;
				ENABLE_TESTABILITY = YES;
				GCC_C_LANGUAGE_STANDARD = gnu99;
				GCC_DYNAMIC_NO_PIC = NO;
				GCC_NO_COMMON_BLOCKS = YES;
				GCC_OPTIMIZATION_LEVEL = 0;
				GCC_PREPROCESSOR_DEFINITIONS = (
					"DEBUG=1",
					"$(inherited)",
				);
				GCC_WARN_64_TO_32_BIT_CONVERSION = YES;
				GCC_WARN_ABOUT_RETURN_TYPE = YES_ERROR;
				GCC_WARN_UNDECLARED_SELECTOR = YES;
				GCC_WARN_UNINITIALIZED_AUTOS = YES_AGGRESSIVE;
				GCC_WARN_UNUSED_FUNCTION = YES;
				GCC_WARN_UNUSED_VARIABLE = YES;
				IPHONEOS_DEPLOYMENT_TARGET = 9.3;
				MTL_ENABLE_DEBUG_INFO = YES;
				ONLY_ACTIVE_ARCH = YES;
				SDKROOT = iphoneos;
				SWIFT_OPTIMIZATION_LEVEL = "-Onone";
				TARGETED_DEVICE_FAMILY = "1,2";
			};
			name = Debug;
		};
		D9DBE3691CBD0CA100ED7A41 /* Release */ = {
			isa = XCBuildConfiguration;
			buildSettings = {
				ALWAYS_SEARCH_USER_PATHS = NO;
				CLANG_ANALYZER_NONNULL = YES;
				CLANG_CXX_LANGUAGE_STANDARD = "gnu++0x";
				CLANG_CXX_LIBRARY = "libc++";
				CLANG_ENABLE_MODULES = YES;
				CLANG_ENABLE_OBJC_ARC = YES;
				CLANG_WARN_BOOL_CONVERSION = YES;
				CLANG_WARN_CONSTANT_CONVERSION = YES;
				CLANG_WARN_DIRECT_OBJC_ISA_USAGE = YES_ERROR;
				CLANG_WARN_EMPTY_BODY = YES;
				CLANG_WARN_ENUM_CONVERSION = YES;
				CLANG_WARN_INT_CONVERSION = YES;
				CLANG_WARN_OBJC_ROOT_CLASS = YES_ERROR;
				CLANG_WARN_UNREACHABLE_CODE = YES;
				CLANG_WARN__DUPLICATE_METHOD_MATCH = YES;
				"CODE_SIGN_IDENTITY[sdk=iphoneos*]" = "iPhone Developer";
				COPY_PHASE_STRIP = NO;
				DEBUG_INFORMATION_FORMAT = "dwarf-with-dsym";
				ENABLE_NS_ASSERTIONS = NO;
				ENABLE_STRICT_OBJC_MSGSEND = YES;
				GCC_C_LANGUAGE_STANDARD = gnu99;
				GCC_NO_COMMON_BLOCKS = YES;
				GCC_WARN_64_TO_32_BIT_CONVERSION = YES;
				GCC_WARN_ABOUT_RETURN_TYPE = YES_ERROR;
				GCC_WARN_UNDECLARED_SELECTOR = YES;
				GCC_WARN_UNINITIALIZED_AUTOS = YES_AGGRESSIVE;
				GCC_WARN_UNUSED_FUNCTION = YES;
				GCC_WARN_UNUSED_VARIABLE = YES;
				IPHONEOS_DEPLOYMENT_TARGET = 9.3;
				MTL_ENABLE_DEBUG_INFO = NO;
				SDKROOT = iphoneos;
				TARGETED_DEVICE_FAMILY = "1,2";
				VALIDATE_PRODUCT = YES;
			};
			name = Release;
		};
		D9DBE36B1CBD0CA100ED7A41 /* Debug */ = {
			isa = XCBuildConfiguration;
			buildSettings = {
				ASSETCATALOG_COMPILER_APPICON_NAME = AppIcon;
				INFOPLIST_FILE = SwiftCamp/Resources/Info.plist;
				LD_RUNPATH_SEARCH_PATHS = "$(inherited) @executable_path/Frameworks";
				PRODUCT_BUNDLE_IDENTIFIER = com.swiftcamp.SwiftCamp;
				PRODUCT_NAME = "$(TARGET_NAME)";
			};
			name = Debug;
		};
		D9DBE36C1CBD0CA100ED7A41 /* Release */ = {
			isa = XCBuildConfiguration;
			buildSettings = {
				ASSETCATALOG_COMPILER_APPICON_NAME = AppIcon;
				INFOPLIST_FILE = SwiftCamp/Resources/Info.plist;
				LD_RUNPATH_SEARCH_PATHS = "$(inherited) @executable_path/Frameworks";
				PRODUCT_BUNDLE_IDENTIFIER = com.swiftcamp.SwiftCamp;
				PRODUCT_NAME = "$(TARGET_NAME)";
			};
			name = Release;
		};
		D9DBE36E1CBD0CA100ED7A41 /* Debug */ = {
			isa = XCBuildConfiguration;
			buildSettings = {
				BUNDLE_LOADER = "$(TEST_HOST)";
				INFOPLIST_FILE = SwiftCampTests/Info.plist;
				LD_RUNPATH_SEARCH_PATHS = "$(inherited) @executable_path/Frameworks @loader_path/Frameworks";
				PRODUCT_BUNDLE_IDENTIFIER = com.swiftcamp.SwiftCampTests;
				PRODUCT_NAME = "$(TARGET_NAME)";
				TEST_HOST = "$(BUILT_PRODUCTS_DIR)/SwiftCamp.app/SwiftCamp";
			};
			name = Debug;
		};
		D9DBE36F1CBD0CA100ED7A41 /* Release */ = {
			isa = XCBuildConfiguration;
			buildSettings = {
				BUNDLE_LOADER = "$(TEST_HOST)";
				INFOPLIST_FILE = SwiftCampTests/Info.plist;
				LD_RUNPATH_SEARCH_PATHS = "$(inherited) @executable_path/Frameworks @loader_path/Frameworks";
				PRODUCT_BUNDLE_IDENTIFIER = com.swiftcamp.SwiftCampTests;
				PRODUCT_NAME = "$(TARGET_NAME)";
				TEST_HOST = "$(BUILT_PRODUCTS_DIR)/SwiftCamp.app/SwiftCamp";
			};
			name = Release;
		};
		D9DBE3711CBD0CA100ED7A41 /* Debug */ = {
			isa = XCBuildConfiguration;
			buildSettings = {
				INFOPLIST_FILE = SwiftCampUITests/Info.plist;
				LD_RUNPATH_SEARCH_PATHS = "$(inherited) @executable_path/Frameworks @loader_path/Frameworks";
				PRODUCT_BUNDLE_IDENTIFIER = com.swiftcamp.SwiftCampUITests;
				PRODUCT_NAME = "$(TARGET_NAME)";
				TEST_TARGET_NAME = SwiftCamp;
			};
			name = Debug;
		};
		D9DBE3721CBD0CA100ED7A41 /* Release */ = {
			isa = XCBuildConfiguration;
			buildSettings = {
				INFOPLIST_FILE = SwiftCampUITests/Info.plist;
				LD_RUNPATH_SEARCH_PATHS = "$(inherited) @executable_path/Frameworks @loader_path/Frameworks";
				PRODUCT_BUNDLE_IDENTIFIER = com.swiftcamp.SwiftCampUITests;
				PRODUCT_NAME = "$(TARGET_NAME)";
				TEST_TARGET_NAME = SwiftCamp;
			};
			name = Release;
		};
/* End XCBuildConfiguration section */

/* Begin XCConfigurationList section */
		D9DBE33D1CBD0CA100ED7A41 /* Build configuration list for PBXProject "SwiftCamp" */ = {
			isa = XCConfigurationList;
			buildConfigurations = (
				D9DBE3681CBD0CA100ED7A41 /* Debug */,
				D9DBE3691CBD0CA100ED7A41 /* Release */,
			);
			defaultConfigurationIsVisible = 0;
			defaultConfigurationName = Release;
		};
		D9DBE36A1CBD0CA100ED7A41 /* Build configuration list for PBXNativeTarget "SwiftCamp" */ = {
			isa = XCConfigurationList;
			buildConfigurations = (
				D9DBE36B1CBD0CA100ED7A41 /* Debug */,
				D9DBE36C1CBD0CA100ED7A41 /* Release */,
			);
			defaultConfigurationIsVisible = 0;
			defaultConfigurationName = Release;
		};
		D9DBE36D1CBD0CA100ED7A41 /* Build configuration list for PBXNativeTarget "SwiftCampTests" */ = {
			isa = XCConfigurationList;
			buildConfigurations = (
				D9DBE36E1CBD0CA100ED7A41 /* Debug */,
				D9DBE36F1CBD0CA100ED7A41 /* Release */,
			);
			defaultConfigurationIsVisible = 0;
			defaultConfigurationName = Release;
		};
		D9DBE3701CBD0CA100ED7A41 /* Build configuration list for PBXNativeTarget "SwiftCampUITests" */ = {
			isa = XCConfigurationList;
			buildConfigurations = (
				D9DBE3711CBD0CA100ED7A41 /* Debug */,
				D9DBE3721CBD0CA100ED7A41 /* Release */,
			);
			defaultConfigurationIsVisible = 0;
			defaultConfigurationName = Release;
		};
/* End XCConfigurationList section */
	};
	rootObject = D9DBE33A1CBD0CA100ED7A41 /* Project object */;
}
